// !$*UTF8*$!
{
	archiveVersion = 1;
	classes = {
	};
	objectVersion = 50;
	objects = {

/* Begin PBXBuildFile section */
		52C3B01D258BF4AB00709A32 /* AppDelegate.swift in Sources */ = {isa = PBXBuildFile; fileRef = 52C3B01C258BF4AB00709A32 /* AppDelegate.swift */; };
		52C3B01F258BF4AB00709A32 /* SceneDelegate.swift in Sources */ = {isa = PBXBuildFile; fileRef = 52C3B01E258BF4AB00709A32 /* SceneDelegate.swift */; };
		52C3B021258BF4AB00709A32 /* ViewController.swift in Sources */ = {isa = PBXBuildFile; fileRef = 52C3B020258BF4AB00709A32 /* ViewController.swift */; };
		52C3B024258BF4AB00709A32 /* Main.storyboard in Resources */ = {isa = PBXBuildFile; fileRef = 52C3B022258BF4AB00709A32 /* Main.storyboard */; };
		52C3B026258BF4AD00709A32 /* Assets.xcassets in Resources */ = {isa = PBXBuildFile; fileRef = 52C3B025258BF4AD00709A32 /* Assets.xcassets */; };
		52C3B029258BF4AD00709A32 /* LaunchScreen.storyboard in Resources */ = {isa = PBXBuildFile; fileRef = 52C3B027258BF4AD00709A32 /* LaunchScreen.storyboard */; };
		52C3B039258BF8A900709A32 /* NetworkExtension.framework in Frameworks */ = {isa = PBXBuildFile; fileRef = 52C3B038258BF8A900709A32 /* NetworkExtension.framework */; };
		9F49404725AE03100054927F /* SimplePing.m in Sources */ = {isa = PBXBuildFile; fileRef = 9F49404525AE03100054927F /* SimplePing.m */; };
/* End PBXBuildFile section */

/* Begin PBXFileReference section */
		52C3B019258BF4AB00709A32 /* missing-network-permissions.app */ = {isa = PBXFileReference; explicitFileType = wrapper.application; includeInIndex = 0; path = "missing-network-permissions.app"; sourceTree = BUILT_PRODUCTS_DIR; };
		52C3B01C258BF4AB00709A32 /* AppDelegate.swift */ = {isa = PBXFileReference; lastKnownFileType = sourcecode.swift; path = AppDelegate.swift; sourceTree = "<group>"; };
		52C3B01E258BF4AB00709A32 /* SceneDelegate.swift */ = {isa = PBXFileReference; lastKnownFileType = sourcecode.swift; path = SceneDelegate.swift; sourceTree = "<group>"; };
		52C3B020258BF4AB00709A32 /* ViewController.swift */ = {isa = PBXFileReference; lastKnownFileType = sourcecode.swift; path = ViewController.swift; sourceTree = "<group>"; };
		52C3B023258BF4AB00709A32 /* Base */ = {isa = PBXFileReference; lastKnownFileType = file.storyboard; name = Base; path = Base.lproj/Main.storyboard; sourceTree = "<group>"; };
		52C3B025258BF4AD00709A32 /* Assets.xcassets */ = {isa = PBXFileReference; lastKnownFileType = folder.assetcatalog; path = Assets.xcassets; sourceTree = "<group>"; };
		52C3B028258BF4AD00709A32 /* Base */ = {isa = PBXFileReference; lastKnownFileType = file.storyboard; name = Base; path = Base.lproj/LaunchScreen.storyboard; sourceTree = "<group>"; };
		52C3B02A258BF4AD00709A32 /* Info.plist */ = {isa = PBXFileReference; lastKnownFileType = text.plist.xml; path = Info.plist; sourceTree = "<group>"; };
		52C3B035258BF8A100709A32 /* missing-network-permissions.entitlements */ = {isa = PBXFileReference; lastKnownFileType = text.plist.entitlements; path = "missing-network-permissions.entitlements"; sourceTree = "<group>"; };
		52C3B038258BF8A900709A32 /* NetworkExtension.framework */ = {isa = PBXFileReference; lastKnownFileType = wrapper.framework; name = NetworkExtension.framework; path = System/Library/Frameworks/NetworkExtension.framework; sourceTree = SDKROOT; };
		9F49404425AE03100054927F /* missing-network-permissions-Bridging-Header.h */ = {isa = PBXFileReference; lastKnownFileType = file; path = "missing-network-permissions-Bridging-Header.h"; sourceTree = "<group>"; };
		9F49404525AE03100054927F /* SimplePing.m */ = {isa = PBXFileReference; fileEncoding = 4; lastKnownFileType = sourcecode.c.objc; path = SimplePing.m; sourceTree = "<group>"; };
		9F49404625AE03100054927F /* SimplePing.h */ = {isa = PBXFileReference; fileEncoding = 4; lastKnownFileType = sourcecode.c.h; path = SimplePing.h; sourceTree = "<group>"; };
/* End PBXFileReference section */

/* Begin PBXFrameworksBuildPhase section */
		52C3B016258BF4AB00709A32 /* Frameworks */ = {
			isa = PBXFrameworksBuildPhase;
			buildActionMask = 2147483647;
			files = (
				52C3B039258BF8A900709A32 /* NetworkExtension.framework in Frameworks */,
			);
			runOnlyForDeploymentPostprocessing = 0;
		};
/* End PBXFrameworksBuildPhase section */

/* Begin PBXGroup section */
		52C3B010258BF4AB00709A32 = {
			isa = PBXGroup;
			children = (
				52C3B01B258BF4AB00709A32 /* missing-network-permissions */,
				52C3B01A258BF4AB00709A32 /* Products */,
				52C3B037258BF8A900709A32 /* Frameworks */,
			);
			sourceTree = "<group>";
		};
		52C3B01A258BF4AB00709A32 /* Products */ = {
			isa = PBXGroup;
			children = (
				52C3B019258BF4AB00709A32 /* missing-network-permissions.app */,
			);
			name = Products;
			sourceTree = "<group>";
		};
		52C3B01B258BF4AB00709A32 /* missing-network-permissions */ = {
			isa = PBXGroup;
			children = (
				9F49404625AE03100054927F /* SimplePing.h */,
				9F49404525AE03100054927F /* SimplePing.m */,
				52C3B035258BF8A100709A32 /* missing-network-permissions.entitlements */,
				52C3B01C258BF4AB00709A32 /* AppDelegate.swift */,
				52C3B01E258BF4AB00709A32 /* SceneDelegate.swift */,
				52C3B020258BF4AB00709A32 /* ViewController.swift */,
				52C3B022258BF4AB00709A32 /* Main.storyboard */,
				52C3B025258BF4AD00709A32 /* Assets.xcassets */,
				52C3B027258BF4AD00709A32 /* LaunchScreen.storyboard */,
				52C3B02A258BF4AD00709A32 /* Info.plist */,
				9F49404425AE03100054927F /* missing-network-permissions-Bridging-Header.h */,
			);
			path = "missing-network-permissions";
			sourceTree = "<group>";
		};
		52C3B037258BF8A900709A32 /* Frameworks */ = {
			isa = PBXGroup;
			children = (
				52C3B038258BF8A900709A32 /* NetworkExtension.framework */,
			);
			name = Frameworks;
			sourceTree = "<group>";
		};
/* End PBXGroup section */

/* Begin PBXNativeTarget section */
		52C3B018258BF4AB00709A32 /* missing-network-permissions */ = {
			isa = PBXNativeTarget;
			buildConfigurationList = 52C3B02D258BF4AD00709A32 /* Build configuration list for PBXNativeTarget "missing-network-permissions" */;
			buildPhases = (
				52C3B015258BF4AB00709A32 /* Sources */,
				52C3B016258BF4AB00709A32 /* Frameworks */,
				52C3B017258BF4AB00709A32 /* Resources */,
			);
			buildRules = (
			);
			dependencies = (
			);
			name = "missing-network-permissions";
			productName = "missing-network-permissions";
			productReference = 52C3B019258BF4AB00709A32 /* missing-network-permissions.app */;
			productType = "com.apple.product-type.application";
		};
/* End PBXNativeTarget section */

/* Begin PBXProject section */
		52C3B011258BF4AB00709A32 /* Project object */ = {
			isa = PBXProject;
			attributes = {
				LastSwiftUpdateCheck = 1220;
				LastUpgradeCheck = 1220;
				TargetAttributes = {
					52C3B018258BF4AB00709A32 = {
						CreatedOnToolsVersion = 12.2;
						LastSwiftMigration = 1230;
					};
				};
			};
			buildConfigurationList = 52C3B014258BF4AB00709A32 /* Build configuration list for PBXProject "missing-network-permissions" */;
			compatibilityVersion = "Xcode 9.3";
			developmentRegion = en;
			hasScannedForEncodings = 0;
			knownRegions = (
				en,
				Base,
			);
			mainGroup = 52C3B010258BF4AB00709A32;
			productRefGroup = 52C3B01A258BF4AB00709A32 /* Products */;
			projectDirPath = "";
			projectRoot = "";
			targets = (
				52C3B018258BF4AB00709A32 /* missing-network-permissions */,
			);
		};
/* End PBXProject section */

/* Begin PBXResourcesBuildPhase section */
		52C3B017258BF4AB00709A32 /* Resources */ = {
			isa = PBXResourcesBuildPhase;
			buildActionMask = 2147483647;
			files = (
				52C3B029258BF4AD00709A32 /* LaunchScreen.storyboard in Resources */,
				52C3B026258BF4AD00709A32 /* Assets.xcassets in Resources */,
				52C3B024258BF4AB00709A32 /* Main.storyboard in Resources */,
			);
			runOnlyForDeploymentPostprocessing = 0;
		};
/* End PBXResourcesBuildPhase section */

/* Begin PBXSourcesBuildPhase section */
		52C3B015258BF4AB00709A32 /* Sources */ = {
			isa = PBXSourcesBuildPhase;
			buildActionMask = 2147483647;
			files = (
				52C3B021258BF4AB00709A32 /* ViewController.swift in Sources */,
				52C3B01D258BF4AB00709A32 /* AppDelegate.swift in Sources */,
				52C3B01F258BF4AB00709A32 /* SceneDelegate.swift in Sources */,
				9F49404725AE03100054927F /* SimplePing.m in Sources */,
			);
			runOnlyForDeploymentPostprocessing = 0;
		};
/* End PBXSourcesBuildPhase section */

/* Begin PBXVariantGroup section */
		52C3B022258BF4AB00709A32 /* Main.storyboard */ = {
			isa = PBXVariantGroup;
			children = (
				52C3B023258BF4AB00709A32 /* Base */,
			);
			name = Main.storyboard;
			sourceTree = "<group>";
		};
		52C3B027258BF4AD00709A32 /* LaunchScreen.storyboard */ = {
			isa = PBXVariantGroup;
			children = (
				52C3B028258BF4AD00709A32 /* Base */,
			);
			name = LaunchScreen.storyboard;
			sourceTree = "<group>";
		};
/* End PBXVariantGroup section */

/* Begin XCBuildConfiguration section */
		52C3B02B258BF4AD00709A32 /* Debug */ = {
			isa = XCBuildConfiguration;
			buildSettings = {
				ALWAYS_SEARCH_USER_PATHS = NO;
				CLANG_ANALYZER_NONNULL = YES;
				CLANG_ANALYZER_NUMBER_OBJECT_CONVERSION = YES_AGGRESSIVE;
				CLANG_CXX_LANGUAGE_STANDARD = "gnu++14";
				CLANG_CXX_LIBRARY = "libc++";
				CLANG_ENABLE_MODULES = YES;
				CLANG_ENABLE_OBJC_ARC = YES;
				CLANG_ENABLE_OBJC_WEAK = YES;
				CLANG_WARN_BLOCK_CAPTURE_AUTORELEASING = YES;
				CLANG_WARN_BOOL_CONVERSION = YES;
				CLANG_WARN_COMMA = YES;
				CLANG_WARN_CONSTANT_CONVERSION = YES;
				CLANG_WARN_DEPRECATED_OBJC_IMPLEMENTATIONS = YES;
				CLANG_WARN_DIRECT_OBJC_ISA_USAGE = YES_ERROR;
				CLANG_WARN_DOCUMENTATION_COMMENTS = YES;
				CLANG_WARN_EMPTY_BODY = YES;
				CLANG_WARN_ENUM_CONVERSION = YES;
				CLANG_WARN_INFINITE_RECURSION = YES;
				CLANG_WARN_INT_CONVERSION = YES;
				CLANG_WARN_NON_LITERAL_NULL_CONVERSION = YES;
				CLANG_WARN_OBJC_IMPLICIT_RETAIN_SELF = YES;
				CLANG_WARN_OBJC_LITERAL_CONVERSION = YES;
				CLANG_WARN_OBJC_ROOT_CLASS = YES_ERROR;
				CLANG_WARN_QUOTED_INCLUDE_IN_FRAMEWORK_HEADER = YES;
				CLANG_WARN_RANGE_LOOP_ANALYSIS = YES;
				CLANG_WARN_STRICT_PROTOTYPES = YES;
				CLANG_WARN_SUSPICIOUS_MOVE = YES;
				CLANG_WARN_UNGUARDED_AVAILABILITY = YES_AGGRESSIVE;
				CLANG_WARN_UNREACHABLE_CODE = YES;
				CLANG_WARN__DUPLICATE_METHOD_MATCH = YES;
				COPY_PHASE_STRIP = NO;
				DEBUG_INFORMATION_FORMAT = dwarf;
				ENABLE_STRICT_OBJC_MSGSEND = YES;
				ENABLE_TESTABILITY = YES;
				GCC_C_LANGUAGE_STANDARD = gnu11;
				GCC_DYNAMIC_NO_PIC = NO;
				GCC_NO_COMMON_BLOCKS = YES;
				GCC_OPTIMIZATION_LEVEL = 0;
				GCC_PREPROCESSOR_DEFINITIONS = (
					"DEBUG=1",
					"$(inherited)",
				);
				GCC_WARN_64_TO_32_BIT_CONVERSION = YES;
				GCC_WARN_ABOUT_RETURN_TYPE = YES_ERROR;
				GCC_WARN_UNDECLARED_SELECTOR = YES;
				GCC_WARN_UNINITIALIZED_AUTOS = YES_AGGRESSIVE;
				GCC_WARN_UNUSED_FUNCTION = YES;
				GCC_WARN_UNUSED_VARIABLE = YES;
				IPHONEOS_DEPLOYMENT_TARGET = 14.2;
				MTL_ENABLE_DEBUG_INFO = INCLUDE_SOURCE;
				MTL_FAST_MATH = YES;
				ONLY_ACTIVE_ARCH = YES;
				SDKROOT = iphoneos;
				SWIFT_ACTIVE_COMPILATION_CONDITIONS = DEBUG;
				SWIFT_OPTIMIZATION_LEVEL = "-Onone";
			};
			name = Debug;
		};
		52C3B02C258BF4AD00709A32 /* Release */ = {
			isa = XCBuildConfiguration;
			buildSettings = {
				ALWAYS_SEARCH_USER_PATHS = NO;
				CLANG_ANALYZER_NONNULL = YES;
				CLANG_ANALYZER_NUMBER_OBJECT_CONVERSION = YES_AGGRESSIVE;
				CLANG_CXX_LANGUAGE_STANDARD = "gnu++14";
				CLANG_CXX_LIBRARY = "libc++";
				CLANG_ENABLE_MODULES = YES;
				CLANG_ENABLE_OBJC_ARC = YES;
				CLANG_ENABLE_OBJC_WEAK = YES;
				CLANG_WARN_BLOCK_CAPTURE_AUTORELEASING = YES;
				CLANG_WARN_BOOL_CONVERSION = YES;
				CLANG_WARN_COMMA = YES;
				CLANG_WARN_CONSTANT_CONVERSION = YES;
				CLANG_WARN_DEPRECATED_OBJC_IMPLEMENTATIONS = YES;
				CLANG_WARN_DIRECT_OBJC_ISA_USAGE = YES_ERROR;
				CLANG_WARN_DOCUMENTATION_COMMENTS = YES;
				CLANG_WARN_EMPTY_BODY = YES;
				CLANG_WARN_ENUM_CONVERSION = YES;
				CLANG_WARN_INFINITE_RECURSION = YES;
				CLANG_WARN_INT_CONVERSION = YES;
				CLANG_WARN_NON_LITERAL_NULL_CONVERSION = YES;
				CLANG_WARN_OBJC_IMPLICIT_RETAIN_SELF = YES;
				CLANG_WARN_OBJC_LITERAL_CONVERSION = YES;
				CLANG_WARN_OBJC_ROOT_CLASS = YES_ERROR;
				CLANG_WARN_QUOTED_INCLUDE_IN_FRAMEWORK_HEADER = YES;
				CLANG_WARN_RANGE_LOOP_ANALYSIS = YES;
				CLANG_WARN_STRICT_PROTOTYPES = YES;
				CLANG_WARN_SUSPICIOUS_MOVE = YES;
				CLANG_WARN_UNGUARDED_AVAILABILITY = YES_AGGRESSIVE;
				CLANG_WARN_UNREACHABLE_CODE = YES;
				CLANG_WARN__DUPLICATE_METHOD_MATCH = YES;
				COPY_PHASE_STRIP = NO;
				DEBUG_INFORMATION_FORMAT = "dwarf-with-dsym";
				ENABLE_NS_ASSERTIONS = NO;
				ENABLE_STRICT_OBJC_MSGSEND = YES;
				GCC_C_LANGUAGE_STANDARD = gnu11;
				GCC_NO_COMMON_BLOCKS = YES;
				GCC_WARN_64_TO_32_BIT_CONVERSION = YES;
				GCC_WARN_ABOUT_RETURN_TYPE = YES_ERROR;
				GCC_WARN_UNDECLARED_SELECTOR = YES;
				GCC_WARN_UNINITIALIZED_AUTOS = YES_AGGRESSIVE;
				GCC_WARN_UNUSED_FUNCTION = YES;
				GCC_WARN_UNUSED_VARIABLE = YES;
				IPHONEOS_DEPLOYMENT_TARGET = 14.2;
				MTL_ENABLE_DEBUG_INFO = NO;
				MTL_FAST_MATH = YES;
				SDKROOT = iphoneos;
				SWIFT_COMPILATION_MODE = wholemodule;
				SWIFT_OPTIMIZATION_LEVEL = "-O";
				VALIDATE_PRODUCT = YES;
			};
			name = Release;
		};
		52C3B02E258BF4AD00709A32 /* Debug */ = {
			isa = XCBuildConfiguration;
			buildSettings = {
				ASSETCATALOG_COMPILER_APPICON_NAME = AppIcon;
				ASSETCATALOG_COMPILER_GLOBAL_ACCENT_COLOR_NAME = AccentColor;
				CLANG_ENABLE_MODULES = YES;
				CODE_SIGN_ENTITLEMENTS = "missing-network-permissions/missing-network-permissions.entitlements";
				CODE_SIGN_STYLE = Automatic;
				DEVELOPMENT_TEAM = GC57M7S74L;
				INFOPLIST_FILE = "missing-network-permissions/Info.plist";
				LD_RUNPATH_SEARCH_PATHS = (
					"$(inherited)",
					"@executable_path/Frameworks",
				);
				PRODUCT_BUNDLE_IDENTIFIER = "com.bissell.missing-network-permissions";
				PRODUCT_NAME = "$(TARGET_NAME)";
				SWIFT_OBJC_BRIDGING_HEADER = "missing-network-permissions/missing-network-permissions-Bridging-Header.h";
				SWIFT_OPTIMIZATION_LEVEL = "-Onone";
				SWIFT_VERSION = 5.0;
				TARGETED_DEVICE_FAMILY = "1,2";
			};
			name = Debug;
		};
		52C3B02F258BF4AD00709A32 /* Release */ = {
			isa = XCBuildConfiguration;
			buildSettings = {
				ASSETCATALOG_COMPILER_APPICON_NAME = AppIcon;
				ASSETCATALOG_COMPILER_GLOBAL_ACCENT_COLOR_NAME = AccentColor;
				CLANG_ENABLE_MODULES = YES;
				CODE_SIGN_ENTITLEMENTS = "missing-network-permissions/missing-network-permissions.entitlements";
				CODE_SIGN_STYLE = Automatic;
				DEVELOPMENT_TEAM = GC57M7S74L;
				INFOPLIST_FILE = "missing-network-permissions/Info.plist";
				LD_RUNPATH_SEARCH_PATHS = (
					"$(inherited)",
					"@executable_path/Frameworks",
				);
				PRODUCT_BUNDLE_IDENTIFIER = "com.bissell.missing-network-permissions";
				PRODUCT_NAME = "$(TARGET_NAME)";
				SWIFT_OBJC_BRIDGING_HEADER = "missing-network-permissions/missing-network-permissions-Bridging-Header.h";
				SWIFT_VERSION = 5.0;
				TARGETED_DEVICE_FAMILY = "1,2";
			};
			name = Release;
		};
/* End XCBuildConfiguration section */

/* Begin XCConfigurationList section */
		52C3B014258BF4AB00709A32 /* Build configuration list for PBXProject "missing-network-permissions" */ = {
			isa = XCConfigurationList;
			buildConfigurations = (
				52C3B02B258BF4AD00709A32 /* Debug */,
				52C3B02C258BF4AD00709A32 /* Release */,
			);
			defaultConfigurationIsVisible = 0;
			defaultConfigurationName = Release;
		};
		52C3B02D258BF4AD00709A32 /* Build configuration list for PBXNativeTarget "missing-network-permissions" */ = {
			isa = XCConfigurationList;
			buildConfigurations = (
				52C3B02E258BF4AD00709A32 /* Debug */,
				52C3B02F258BF4AD00709A32 /* Release */,
			);
			defaultConfigurationIsVisible = 0;
			defaultConfigurationName = Release;
		};
/* End XCConfigurationList section */
	};
	rootObject = 52C3B011258BF4AB00709A32 /* Project object */;
}
